// !$*UTF8*$!
{
	archiveVersion = 1;
	classes = {
	};
	objectVersion = 46;
	objects = {

/* Begin PBXBuildFile section */
		C6BB54EE1AA8178100923131 /* AppDelegate.m in Sources */ = {isa = PBXBuildFile; fileRef = C6BB54ED1AA8178100923131 /* AppDelegate.m */; };
		C6BB54F01AA8178100923131 /* main.m in Sources */ = {isa = PBXBuildFile; fileRef = C6BB54EF1AA8178100923131 /* main.m */; };
		C6BB54F31AA8178100923131 /* ViewController.m in Sources */ = {isa = PBXBuildFile; fileRef = C6BB54F21AA8178100923131 /* ViewController.m */; };
		C6BB54F51AA8178100923131 /* Images.xcassets in Resources */ = {isa = PBXBuildFile; fileRef = C6BB54F41AA8178100923131 /* Images.xcassets */; };
		C6BB54F81AA8178100923131 /* Main.storyboard in Resources */ = {isa = PBXBuildFile; fileRef = C6BB54F61AA8178100923131 /* Main.storyboard */; };
		C6BB55041AA8178100923131 /* JustANoteTests.m in Sources */ = {isa = PBXBuildFile; fileRef = C6BB55031AA8178100923131 /* JustANoteTests.m */; };
		C6BB551B1AA81C7A00923131 /* JustANote.xcdatamodeld in Sources */ = {isa = PBXBuildFile; fileRef = C6BB55191AA81C7A00923131 /* JustANote.xcdatamodeld */; };
		C6BB55211AA81D3700923131 /* Note.m in Sources */ = {isa = PBXBuildFile; fileRef = C6BB55201AA81D3700923131 /* Note.m */; };
		C6BB55291AA8200D00923131 /* CoreDataChangeObserver.m in Sources */ = {isa = PBXBuildFile; fileRef = C6BB55261AA8200D00923131 /* CoreDataChangeObserver.m */; };
		C6BB552A1AA8200D00923131 /* CoreDataStack.m in Sources */ = {isa = PBXBuildFile; fileRef = C6BB55281AA8200D00923131 /* CoreDataStack.m */; };
/* End PBXBuildFile section */

/* Begin PBXContainerItemProxy section */
		C6BB54FE1AA8178100923131 /* PBXContainerItemProxy */ = {
			isa = PBXContainerItemProxy;
			containerPortal = C6BB54DF1AA8178100923131 /* Project object */;
			proxyType = 1;
			remoteGlobalIDString = C6BB54E61AA8178100923131;
			remoteInfo = JustANote;
		};
/* End PBXContainerItemProxy section */

/* Begin PBXFileReference section */
		C6BB54E71AA8178100923131 /* JustANote.app */ = {isa = PBXFileReference; explicitFileType = wrapper.application; includeInIndex = 0; path = JustANote.app; sourceTree = BUILT_PRODUCTS_DIR; };
		C6BB54EB1AA8178100923131 /* Info.plist */ = {isa = PBXFileReference; lastKnownFileType = text.plist.xml; path = Info.plist; sourceTree = "<group>"; };
		C6BB54EC1AA8178100923131 /* AppDelegate.h */ = {isa = PBXFileReference; lastKnownFileType = sourcecode.c.h; path = AppDelegate.h; sourceTree = "<group>"; };
		C6BB54ED1AA8178100923131 /* AppDelegate.m */ = {isa = PBXFileReference; lastKnownFileType = sourcecode.c.objc; path = AppDelegate.m; sourceTree = "<group>"; };
		C6BB54EF1AA8178100923131 /* main.m */ = {isa = PBXFileReference; lastKnownFileType = sourcecode.c.objc; path = main.m; sourceTree = "<group>"; };
		C6BB54F11AA8178100923131 /* ViewController.h */ = {isa = PBXFileReference; lastKnownFileType = sourcecode.c.h; path = ViewController.h; sourceTree = "<group>"; };
		C6BB54F21AA8178100923131 /* ViewController.m */ = {isa = PBXFileReference; lastKnownFileType = sourcecode.c.objc; path = ViewController.m; sourceTree = "<group>"; };
		C6BB54F41AA8178100923131 /* Images.xcassets */ = {isa = PBXFileReference; lastKnownFileType = folder.assetcatalog; path = Images.xcassets; sourceTree = "<group>"; };
		C6BB54F71AA8178100923131 /* Base */ = {isa = PBXFileReference; lastKnownFileType = file.storyboard; name = Base; path = Base.lproj/Main.storyboard; sourceTree = "<group>"; };
		C6BB54FD1AA8178100923131 /* JustANoteTests.xctest */ = {isa = PBXFileReference; explicitFileType = wrapper.cfbundle; includeInIndex = 0; path = JustANoteTests.xctest; sourceTree = BUILT_PRODUCTS_DIR; };
		C6BB55021AA8178100923131 /* Info.plist */ = {isa = PBXFileReference; lastKnownFileType = text.plist.xml; path = Info.plist; sourceTree = "<group>"; };
		C6BB55031AA8178100923131 /* JustANoteTests.m */ = {isa = PBXFileReference; lastKnownFileType = sourcecode.c.objc; path = JustANoteTests.m; sourceTree = "<group>"; };
		C6BB551A1AA81C7A00923131 /* JustANote.xcdatamodel */ = {isa = PBXFileReference; lastKnownFileType = wrapper.xcdatamodel; path = JustANote.xcdatamodel; sourceTree = "<group>"; };
		C6BB551F1AA81D3700923131 /* Note.h */ = {isa = PBXFileReference; fileEncoding = 4; lastKnownFileType = sourcecode.c.h; path = Note.h; sourceTree = "<group>"; };
		C6BB55201AA81D3700923131 /* Note.m */ = {isa = PBXFileReference; fileEncoding = 4; lastKnownFileType = sourcecode.c.objc; path = Note.m; sourceTree = "<group>"; };
		C6BB55251AA8200D00923131 /* CoreDataChangeObserver.h */ = {isa = PBXFileReference; fileEncoding = 4; lastKnownFileType = sourcecode.c.h; path = CoreDataChangeObserver.h; sourceTree = SOURCE_ROOT; };
		C6BB55261AA8200D00923131 /* CoreDataChangeObserver.m */ = {isa = PBXFileReference; fileEncoding = 4; lastKnownFileType = sourcecode.c.objc; path = CoreDataChangeObserver.m; sourceTree = SOURCE_ROOT; };
		C6BB55271AA8200D00923131 /* CoreDataStack.h */ = {isa = PBXFileReference; fileEncoding = 4; lastKnownFileType = sourcecode.c.h; path = CoreDataStack.h; sourceTree = SOURCE_ROOT; };
		C6BB55281AA8200D00923131 /* CoreDataStack.m */ = {isa = PBXFileReference; fileEncoding = 4; lastKnownFileType = sourcecode.c.objc; path = CoreDataStack.m; sourceTree = SOURCE_ROOT; };
/* End PBXFileReference section */

/* Begin PBXFrameworksBuildPhase section */
		C6BB54E41AA8178100923131 /* Frameworks */ = {
			isa = PBXFrameworksBuildPhase;
			buildActionMask = 2147483647;
			files = (
			);
			runOnlyForDeploymentPostprocessing = 0;
		};
		C6BB54FA1AA8178100923131 /* Frameworks */ = {
			isa = PBXFrameworksBuildPhase;
			buildActionMask = 2147483647;
			files = (
			);
			runOnlyForDeploymentPostprocessing = 0;
		};
/* End PBXFrameworksBuildPhase section */

/* Begin PBXGroup section */
		C6BB54DE1AA8178100923131 = {
			isa = PBXGroup;
			children = (
				C6BB54E91AA8178100923131 /* JustANote */,
				C6BB55001AA8178100923131 /* JustANoteTests */,
				C6BB54E81AA8178100923131 /* Products */,
			);
			sourceTree = "<group>";
		};
		C6BB54E81AA8178100923131 /* Products */ = {
			isa = PBXGroup;
			children = (
				C6BB54E71AA8178100923131 /* JustANote.app */,
				C6BB54FD1AA8178100923131 /* JustANoteTests.xctest */,
			);
			name = Products;
			sourceTree = "<group>";
		};
		C6BB54E91AA8178100923131 /* JustANote */ = {
			isa = PBXGroup;
			children = (
				C6BB55221AA81D5900923131 /* Core Data */,
				C6BB55231AA81D6400923131 /* Base */,
				C6BB55241AA81D6F00923131 /* Interface */,
				C6BB54EA1AA8178100923131 /* Supporting Files */,
			);
			path = JustANote;
			sourceTree = "<group>";
		};
		C6BB54EA1AA8178100923131 /* Supporting Files */ = {
			isa = PBXGroup;
			children = (
				C6BB54EB1AA8178100923131 /* Info.plist */,
				C6BB54EF1AA8178100923131 /* main.m */,
			);
			name = "Supporting Files";
			sourceTree = "<group>";
		};
		C6BB55001AA8178100923131 /* JustANoteTests */ = {
			isa = PBXGroup;
			children = (
				C6BB55031AA8178100923131 /* JustANoteTests.m */,
				C6BB55011AA8178100923131 /* Supporting Files */,
			);
			path = JustANoteTests;
			sourceTree = "<group>";
		};
		C6BB55011AA8178100923131 /* Supporting Files */ = {
			isa = PBXGroup;
			children = (
				C6BB55021AA8178100923131 /* Info.plist */,
			);
			name = "Supporting Files";
			sourceTree = "<group>";
		};
		C6BB55221AA81D5900923131 /* Core Data */ = {
			isa = PBXGroup;
			children = (
				C6BB55251AA8200D00923131 /* CoreDataChangeObserver.h */,
				C6BB55261AA8200D00923131 /* CoreDataChangeObserver.m */,
				C6BB55271AA8200D00923131 /* CoreDataStack.h */,
				C6BB55281AA8200D00923131 /* CoreDataStack.m */,
				C6BB551F1AA81D3700923131 /* Note.h */,
				C6BB55201AA81D3700923131 /* Note.m */,
				C6BB55191AA81C7A00923131 /* JustANote.xcdatamodeld */,
			);
			name = "Core Data";
			sourceTree = "<group>";
		};
		C6BB55231AA81D6400923131 /* Base */ = {
			isa = PBXGroup;
			children = (
				C6BB54EC1AA8178100923131 /* AppDelegate.h */,
				C6BB54ED1AA8178100923131 /* AppDelegate.m */,
				C6BB54F41AA8178100923131 /* Images.xcassets */,
				C6BB54F61AA8178100923131 /* Main.storyboard */,
			);
			name = Base;
			sourceTree = "<group>";
		};
		C6BB55241AA81D6F00923131 /* Interface */ = {
			isa = PBXGroup;
			children = (
				C6BB54F11AA8178100923131 /* ViewController.h */,
				C6BB54F21AA8178100923131 /* ViewController.m */,
			);
			name = Interface;
			sourceTree = "<group>";
		};
/* End PBXGroup section */

/* Begin PBXNativeTarget section */
		C6BB54E61AA8178100923131 /* JustANote */ = {
			isa = PBXNativeTarget;
			buildConfigurationList = C6BB55071AA8178100923131 /* Build configuration list for PBXNativeTarget "JustANote" */;
			buildPhases = (
				C6BB54E31AA8178100923131 /* Sources */,
				C6BB54E41AA8178100923131 /* Frameworks */,
				C6BB54E51AA8178100923131 /* Resources */,
			);
			buildRules = (
			);
			dependencies = (
			);
			name = JustANote;
			productName = JustANote;
			productReference = C6BB54E71AA8178100923131 /* JustANote.app */;
			productType = "com.apple.product-type.application";
		};
		C6BB54FC1AA8178100923131 /* JustANoteTests */ = {
			isa = PBXNativeTarget;
			buildConfigurationList = C6BB550A1AA8178100923131 /* Build configuration list for PBXNativeTarget "JustANoteTests" */;
			buildPhases = (
				C6BB54F91AA8178100923131 /* Sources */,
				C6BB54FA1AA8178100923131 /* Frameworks */,
				C6BB54FB1AA8178100923131 /* Resources */,
			);
			buildRules = (
			);
			dependencies = (
				C6BB54FF1AA8178100923131 /* PBXTargetDependency */,
			);
			name = JustANoteTests;
			productName = JustANoteTests;
			productReference = C6BB54FD1AA8178100923131 /* JustANoteTests.xctest */;
			productType = "com.apple.product-type.bundle.unit-test";
		};
/* End PBXNativeTarget section */

/* Begin PBXProject section */
		C6BB54DF1AA8178100923131 /* Project object */ = {
			isa = PBXProject;
			attributes = {
				LastUpgradeCheck = 0630;
				ORGANIZATIONNAME = "Martin Nash";
				TargetAttributes = {
					C6BB54E61AA8178100923131 = {
						CreatedOnToolsVersion = 6.3;
					};
					C6BB54FC1AA8178100923131 = {
						CreatedOnToolsVersion = 6.3;
						TestTargetID = C6BB54E61AA8178100923131;
					};
				};
			};
			buildConfigurationList = C6BB54E21AA8178100923131 /* Build configuration list for PBXProject "JustANote" */;
			compatibilityVersion = "Xcode 3.2";
			developmentRegion = English;
			hasScannedForEncodings = 0;
			knownRegions = (
				en,
				Base,
			);
			mainGroup = C6BB54DE1AA8178100923131;
			productRefGroup = C6BB54E81AA8178100923131 /* Products */;
			projectDirPath = "";
			projectRoot = "";
			targets = (
				C6BB54E61AA8178100923131 /* JustANote */,
				C6BB54FC1AA8178100923131 /* JustANoteTests */,
			);
		};
/* End PBXProject section */

/* Begin PBXResourcesBuildPhase section */
		C6BB54E51AA8178100923131 /* Resources */ = {
			isa = PBXResourcesBuildPhase;
			buildActionMask = 2147483647;
			files = (
				C6BB54F51AA8178100923131 /* Images.xcassets in Resources */,
				C6BB54F81AA8178100923131 /* Main.storyboard in Resources */,
			);
			runOnlyForDeploymentPostprocessing = 0;
		};
		C6BB54FB1AA8178100923131 /* Resources */ = {
			isa = PBXResourcesBuildPhase;
			buildActionMask = 2147483647;
			files = (
			);
			runOnlyForDeploymentPostprocessing = 0;
		};
/* End PBXResourcesBuildPhase section */

/* Begin PBXSourcesBuildPhase section */
		C6BB54E31AA8178100923131 /* Sources */ = {
			isa = PBXSourcesBuildPhase;
			buildActionMask = 2147483647;
			files = (
				C6BB54F31AA8178100923131 /* ViewController.m in Sources */,
				C6BB54F01AA8178100923131 /* main.m in Sources */,
				C6BB552A1AA8200D00923131 /* CoreDataStack.m in Sources */,
				C6BB55291AA8200D00923131 /* CoreDataChangeObserver.m in Sources */,
				C6BB54EE1AA8178100923131 /* AppDelegate.m in Sources */,
				C6BB551B1AA81C7A00923131 /* JustANote.xcdatamodeld in Sources */,
				C6BB55211AA81D3700923131 /* Note.m in Sources */,
			);
			runOnlyForDeploymentPostprocessing = 0;
		};
		C6BB54F91AA8178100923131 /* Sources */ = {
			isa = PBXSourcesBuildPhase;
			buildActionMask = 2147483647;
			files = (
				C6BB55041AA8178100923131 /* JustANoteTests.m in Sources */,
			);
			runOnlyForDeploymentPostprocessing = 0;
		};
/* End PBXSourcesBuildPhase section */

/* Begin PBXTargetDependency section */
		C6BB54FF1AA8178100923131 /* PBXTargetDependency */ = {
			isa = PBXTargetDependency;
			target = C6BB54E61AA8178100923131 /* JustANote */;
			targetProxy = C6BB54FE1AA8178100923131 /* PBXContainerItemProxy */;
		};
/* End PBXTargetDependency section */

/* Begin PBXVariantGroup section */
		C6BB54F61AA8178100923131 /* Main.storyboard */ = {
			isa = PBXVariantGroup;
			children = (
				C6BB54F71AA8178100923131 /* Base */,
			);
			name = Main.storyboard;
			sourceTree = "<group>";
		};
/* End PBXVariantGroup section */

/* Begin XCBuildConfiguration section */
		C6BB55051AA8178100923131 /* Debug */ = {
			isa = XCBuildConfiguration;
			buildSettings = {
				ALWAYS_SEARCH_USER_PATHS = NO;
				CLANG_CXX_LANGUAGE_STANDARD = "gnu++0x";
				CLANG_CXX_LIBRARY = "libc++";
				CLANG_ENABLE_MODULES = YES;
				CLANG_ENABLE_OBJC_ARC = YES;
				CLANG_WARN_BOOL_CONVERSION = YES;
				CLANG_WARN_CONSTANT_CONVERSION = YES;
				CLANG_WARN_DIRECT_OBJC_ISA_USAGE = YES_ERROR;
				CLANG_WARN_EMPTY_BODY = YES;
				CLANG_WARN_ENUM_CONVERSION = YES;
				CLANG_WARN_INT_CONVERSION = YES;
				CLANG_WARN_OBJC_ROOT_CLASS = YES_ERROR;
				CLANG_WARN_UNREACHABLE_CODE = YES;
				CLANG_WARN__DUPLICATE_METHOD_MATCH = YES;
				CODE_SIGN_IDENTITY = "-";
				COPY_PHASE_STRIP = NO;
				DEBUG_INFORMATION_FORMAT = dwarf;
				ENABLE_STRICT_OBJC_MSGSEND = YES;
				GCC_C_LANGUAGE_STANDARD = gnu99;
				GCC_DYNAMIC_NO_PIC = NO;
				GCC_NO_COMMON_BLOCKS = YES;
				GCC_OPTIMIZATION_LEVEL = 0;
				GCC_PREPROCESSOR_DEFINITIONS = (
					"DEBUG=1",
					"$(inherited)",
				);
				GCC_SYMBOLS_PRIVATE_EXTERN = NO;
				GCC_WARN_64_TO_32_BIT_CONVERSION = YES;
				GCC_WARN_ABOUT_RETURN_TYPE = YES_ERROR;
				GCC_WARN_UNDECLARED_SELECTOR = YES;
				GCC_WARN_UNINITIALIZED_AUTOS = YES_AGGRESSIVE;
				GCC_WARN_UNUSED_FUNCTION = YES;
				GCC_WARN_UNUSED_VARIABLE = YES;
				MACOSX_DEPLOYMENT_TARGET = 10.10;
				MTL_ENABLE_DEBUG_INFO = YES;
				ONLY_ACTIVE_ARCH = YES;
				SDKROOT = macosx;
			};
			name = Debug;
		};
		C6BB55061AA8178100923131 /* Release */ = {
			isa = XCBuildConfiguration;
			buildSettings = {
				ALWAYS_SEARCH_USER_PATHS = NO;
				CLANG_CXX_LANGUAGE_STANDARD = "gnu++0x";
				CLANG_CXX_LIBRARY = "libc++";
				CLANG_ENABLE_MODULES = YES;
				CLANG_ENABLE_OBJC_ARC = YES;
				CLANG_WARN_BOOL_CONVERSION = YES;
				CLANG_WARN_CONSTANT_CONVERSION = YES;
				CLANG_WARN_DIRECT_OBJC_ISA_USAGE = YES_ERROR;
				CLANG_WARN_EMPTY_BODY = YES;
				CLANG_WARN_ENUM_CONVERSION = YES;
				CLANG_WARN_INT_CONVERSION = YES;
				CLANG_WARN_OBJC_ROOT_CLASS = YES_ERROR;
				CLANG_WARN_UNREACHABLE_CODE = YES;
				CLANG_WARN__DUPLICATE_METHOD_MATCH = YES;
				CODE_SIGN_IDENTITY = "-";
				COPY_PHASE_STRIP = NO;
				DEBUG_INFORMATION_FORMAT = "dwarf-with-dsym";
				ENABLE_NS_ASSERTIONS = NO;
				ENABLE_STRICT_OBJC_MSGSEND = YES;
				GCC_C_LANGUAGE_STANDARD = gnu99;
				GCC_NO_COMMON_BLOCKS = YES;
				GCC_WARN_64_TO_32_BIT_CONVERSION = YES;
				GCC_WARN_ABOUT_RETURN_TYPE = YES_ERROR;
				GCC_WARN_UNDECLARED_SELECTOR = YES;
				GCC_WARN_UNINITIALIZED_AUTOS = YES_AGGRESSIVE;
				GCC_WARN_UNUSED_FUNCTION = YES;
				GCC_WARN_UNUSED_VARIABLE = YES;
				MACOSX_DEPLOYMENT_TARGET = 10.10;
				MTL_ENABLE_DEBUG_INFO = NO;
				SDKROOT = macosx;
			};
			name = Release;
		};
		C6BB55081AA8178100923131 /* Debug */ = {
			isa = XCBuildConfiguration;
			buildSettings = {
				ASSETCATALOG_COMPILER_APPICON_NAME = AppIcon;
				COMBINE_HIDPI_IMAGES = YES;
				INFOPLIST_FILE = JustANote/Info.plist;
				LD_RUNPATH_SEARCH_PATHS = "$(inherited) @executable_path/../Frameworks";
				PRODUCT_NAME = "$(TARGET_NAME)";
			};
			name = Debug;
		};
		C6BB55091AA8178100923131 /* Release */ = {
			isa = XCBuildConfiguration;
			buildSettings = {
				ASSETCATALOG_COMPILER_APPICON_NAME = AppIcon;
				COMBINE_HIDPI_IMAGES = YES;
				INFOPLIST_FILE = JustANote/Info.plist;
				LD_RUNPATH_SEARCH_PATHS = "$(inherited) @executable_path/../Frameworks";
				PRODUCT_NAME = "$(TARGET_NAME)";
			};
			name = Release;
		};
		C6BB550B1AA8178100923131 /* Debug */ = {
			isa = XCBuildConfiguration;
			buildSettings = {
				BUNDLE_LOADER = "$(TEST_HOST)";
				COMBINE_HIDPI_IMAGES = YES;
				FRAMEWORK_SEARCH_PATHS = (
					"$(DEVELOPER_FRAMEWORKS_DIR)",
					"$(inherited)",
				);
				GCC_PREPROCESSOR_DEFINITIONS = (
					"DEBUG=1",
					"$(inherited)",
				);
				INFOPLIST_FILE = JustANoteTests/Info.plist;
				LD_RUNPATH_SEARCH_PATHS = "$(inherited) @executable_path/../Frameworks @loader_path/../Frameworks";
				PRODUCT_NAME = "$(TARGET_NAME)";
				TEST_HOST = "$(BUILT_PRODUCTS_DIR)/JustANote.app/Contents/MacOS/JustANote";
			};
			name = Debug;
		};
		C6BB550C1AA8178100923131 /* Release */ = {
			isa = XCBuildConfiguration;
			buildSettings = {
				BUNDLE_LOADER = "$(TEST_HOST)";
				COMBINE_HIDPI_IMAGES = YES;
				FRAMEWORK_SEARCH_PATHS = (
					"$(DEVELOPER_FRAMEWORKS_DIR)",
					"$(inherited)",
				);
				INFOPLIST_FILE = JustANoteTests/Info.plist;
				LD_RUNPATH_SEARCH_PATHS = "$(inherited) @executable_path/../Frameworks @loader_path/../Frameworks";
				PRODUCT_NAME = "$(TARGET_NAME)";
				TEST_HOST = "$(BUILT_PRODUCTS_DIR)/JustANote.app/Contents/MacOS/JustANote";
			};
			name = Release;
		};
/* End XCBuildConfiguration section */

/* Begin XCConfigurationList section */
		C6BB54E21AA8178100923131 /* Build configuration list for PBXProject "JustANote" */ = {
			isa = XCConfigurationList;
			buildConfigurations = (
				C6BB55051AA8178100923131 /* Debug */,
				C6BB55061AA8178100923131 /* Release */,
			);
			defaultConfigurationIsVisible = 0;
			defaultConfigurationName = Release;
		};
		C6BB55071AA8178100923131 /* Build configuration list for PBXNativeTarget "JustANote" */ = {
			isa = XCConfigurationList;
			buildConfigurations = (
				C6BB55081AA8178100923131 /* Debug */,
				C6BB55091AA8178100923131 /* Release */,
			);
			defaultConfigurationIsVisible = 0;
		};
		C6BB550A1AA8178100923131 /* Build configuration list for PBXNativeTarget "JustANoteTests" */ = {
			isa = XCConfigurationList;
			buildConfigurations = (
				C6BB550B1AA8178100923131 /* Debug */,
				C6BB550C1AA8178100923131 /* Release */,
			);
			defaultConfigurationIsVisible = 0;
		};
/* End XCConfigurationList section */

/* Begin XCVersionGroup section */
		C6BB55191AA81C7A00923131 /* JustANote.xcdatamodeld */ = {
			isa = XCVersionGroup;
			children = (
				C6BB551A1AA81C7A00923131 /* JustANote.xcdatamodel */,
			);
			currentVersion = C6BB551A1AA81C7A00923131 /* JustANote.xcdatamodel */;
			path = JustANote.xcdatamodeld;
			sourceTree = "<group>";
			versionGroupType = wrapper.xcdatamodel;
		};
/* End XCVersionGroup section */
	};
	rootObject = C6BB54DF1AA8178100923131 /* Project object */;
}
